
Microsoft Visual Studio Solution File, Format Version 12.00
# Visual Studio Version 16
VisualStudioVersion = 16.0.31702.278
MinimumVisualStudioVersion = 10.0.40219.1
Project("{FAE04EC0-301F-11D3-BF4B-00C04F79EFBC}") = "MyFirstForest", "MyFirstForest\MyFirstForest.csproj", "{6ED3EA6B-CDF9-438E-A77A-A74DFA8E8D55}"
EndProject
Project("{FAE04EC0-301F-11D3-BF4B-00C04F79EFBC}") = "Forest.Services", "Forest.Services\Forest.Services.csproj", "{F4F2AF23-3658-43AD-BE79-781AFAC6690B}"
EndProject
Project("{FAE04EC0-301F-11D3-BF4B-00C04F79EFBC}") = "Forest.Data", "Forest.Data\Forest.Data.csproj", "{2269F8EC-5CF1-4766-BB2C-593F1970F82B}"
EndProject
Global
	GlobalSection(SolutionConfigurationPlatforms) = preSolution
		Debug|Any CPU = Debug|Any CPU
		Release|Any CPU = Release|Any CPU
	EndGlobalSection
	GlobalSection(ProjectConfigurationPlatforms) = postSolution
		{6ED3EA6B-CDF9-438E-A77A-A74DFA8E8D55}.Debug|Any CPU.ActiveCfg = Debug|Any CPU
		{6ED3EA6B-CDF9-438E-A77A-A74DFA8E8D55}.Debug|Any CPU.Build.0 = Debug|Any CPU
		{6ED3EA6B-CDF9-438E-A77A-A74DFA8E8D55}.Release|Any CPU.ActiveCfg = Release|Any CPU
		{6ED3EA6B-CDF9-438E-A77A-A74DFA8E8D55}.Release|Any CPU.Build.0 = Release|Any CPU
		{F4F2AF23-3658-43AD-BE79-781AFAC6690B}.Debug|Any CPU.ActiveCfg = Debug|Any CPU
		{F4F2AF23-3658-43AD-BE79-781AFAC6690B}.Debug|Any CPU.Build.0 = Debug|Any CPU
		{F4F2AF23-3658-43AD-BE79-781AFAC6690B}.Release|Any CPU.ActiveCfg = Release|Any CPU
		{F4F2AF23-3658-43AD-BE79-781AFAC6690B}.Release|Any CPU.Build.0 = Release|Any CPU
		{2269F8EC-5CF1-4766-BB2C-593F1970F82B}.Debug|Any CPU.ActiveCfg = Debug|Any CPU
		{2269F8EC-5CF1-4766-BB2C-593F1970F82B}.Debug|Any CPU.Build.0 = Debug|Any CPU
		{2269F8EC-5CF1-4766-BB2C-593F1970F82B}.Release|Any CPU.ActiveCfg = Release|Any CPU
		{2269F8EC-5CF1-4766-BB2C-593F1970F82B}.Release|Any CPU.Build.0 = Release|Any CPU
	EndGlobalSection
	GlobalSection(SolutionProperties) = preSolution
		HideSolutionNode = FALSE
	EndGlobalSection
	GlobalSection(ExtensibilityGlobals) = postSolution
		SolutionGuid = {CD46CDCE-FC7B-4110-AAA2-3A1BDC9E775E}
	EndGlobalSection
EndGlobal
